{
  "name": "@openwebf/vue-core-ui",
  "version": "0.24.0",
  "lockfileVersion": 3,
  "requires": true,
  "packages": {
    "": {
      "name": "@openwebf/vue-core-ui",
      "version": "0.24.0",
      "license": "Apache-2.0",
      "dependencies": {
        "@openwebf/webf-enterprise-typings": "^0.23.7"
      },
      "devDependencies": {
        "vue": "^3.5.17"
      },
      "peerDependencies": {
        "vue": "^3.0.0"
      }
    },
    "node_modules/@babel/helper-string-parser": {
      "version": "7.27.1",
      "resolved": "https://registry.npmjs.org/@babel/helper-string-parser/-/helper-string-parser-7.27.1.tgz",
      "integrity": "sha512-qMlSxKbpRlAridDExk92nSobyDdpPijUq2DW6oDnUqd0iOGxmQjyqhMIihI9+zv4LPyZdRje2cavWPbCbWm3eA==",
      "dev": true,
      "license": "MIT",
      "engines": {
        "node": ">=6.9.0"
      }
    },
    "node_modules/@babel/helper-validator-identifier": {
      "version": "7.28.5",
      "resolved": "https://registry.npmjs.org/@babel/helper-validator-identifier/-/helper-validator-identifier-7.28.5.tgz",
      "integrity": "sha512-qSs4ifwzKJSV39ucNjsvc6WVHs6b7S03sOh2OcHF9UHfVPqWWALUsNUVzhSBiItjRZoLHx7nIarVjqKVusUZ1Q==",
      "dev": true,
      "license": "MIT",
      "engines": {
        "node": ">=6.9.0"
      }
    },
    "node_modules/@babel/parser": {
      "version": "7.28.5",
      "resolved": "https://registry.npmjs.org/@babel/parser/-/parser-7.28.5.tgz",
      "integrity": "sha512-KKBU1VGYR7ORr3At5HAtUQ+TV3SzRCXmA/8OdDZiLDBIZxVyzXuztPjfLd3BV1PRAQGCMWWSHYhL0F8d5uHBDQ==",
      "dev": true,
      "license": "MIT",
      "dependencies": {
        "@babel/types": "^7.28.5"
      },
      "bin": {
        "parser": "bin/babel-parser.js"
      },
      "engines": {
        "node": ">=6.0.0"
      }
    },
    "node_modules/@babel/types": {
      "version": "7.28.5",
      "resolved": "https://registry.npmjs.org/@babel/types/-/types-7.28.5.tgz",
      "integrity": "sha512-qQ5m48eI/MFLQ5PxQj4PFaprjyCTLI37ElWMmNs0K8Lk3dVeOdNpB3ks8jc7yM5CDmVC73eMVk/trk3fgmrUpA==",
      "dev": true,
      "license": "MIT",
      "dependencies": {
        "@babel/helper-string-parser": "^7.27.1",
        "@babel/helper-validator-identifier": "^7.28.5"
      },
      "engines": {
        "node": ">=6.9.0"
      }
    },
    "node_modules/@jridgewell/sourcemap-codec": {
      "version": "1.5.5",
      "resolved": "https://registry.npmjs.org/@jridgewell/sourcemap-codec/-/sourcemap-codec-1.5.5.tgz",
      "integrity": "sha512-cYQ9310grqxueWbl+WuIUIaiUaDcj7WOq5fVhEljNVgRfOUhY9fy2zTvfoqWsnebh8Sl70VScFbICvJnLKB0Og==",
      "dev": true,
      "license": "MIT"
    },
    "node_modules/@openwebf/webf-enterprise-typings": {
      "version": "0.23.7",
      "resolved": "https://registry.npmjs.org/@openwebf/webf-enterprise-typings/-/webf-enterprise-typings-0.23.7.tgz",
      "integrity": "sha512-knecy8SDKQegRjO4VPhgTpA23htos+1QH8GETw9s9NxeKOf20tOFb1jyY43cB+AYt/RtjkHg2vfE2bDpNlsirg==",
      "license": "ISC",
      "peerDependencies": {
        "react": ">=16.8.0"
      },
      "peerDependenciesMeta": {
        "react": {
          "optional": true
        }
      }
    },
    "node_modules/@vue/compiler-core": {
      "version": "3.5.26",
      "resolved": "https://registry.npmjs.org/@vue/compiler-core/-/compiler-core-3.5.26.tgz",
      "integrity": "sha512-vXyI5GMfuoBCnv5ucIT7jhHKl55Y477yxP6fc4eUswjP8FG3FFVFd41eNDArR+Uk3QKn2Z85NavjaxLxOC19/w==",
      "dev": true,
      "license": "MIT",
      "dependencies": {
        "@babel/parser": "^7.28.5",
        "@vue/shared": "3.5.26",
        "entities": "^7.0.0",
        "estree-walker": "^2.0.2",
        "source-map-js": "^1.2.1"
      }
    },
    "node_modules/@vue/compiler-dom": {
      "version": "3.5.26",
      "resolved": "https://registry.npmjs.org/@vue/compiler-dom/-/compiler-dom-3.5.26.tgz",
      "integrity": "sha512-y1Tcd3eXs834QjswshSilCBnKGeQjQXB6PqFn/1nxcQw4pmG42G8lwz+FZPAZAby6gZeHSt/8LMPfZ4Rb+Bd/A==",
      "dev": true,
      "license": "MIT",
      "dependencies": {
        "@vue/compiler-core": "3.5.26",
        "@vue/shared": "3.5.26"
      }
    },
    "node_modules/@vue/compiler-sfc": {
      "version": "3.5.26",
      "resolved": "https://registry.npmjs.org/@vue/compiler-sfc/-/compiler-sfc-3.5.26.tgz",
      "integrity": "sha512-egp69qDTSEZcf4bGOSsprUr4xI73wfrY5oRs6GSgXFTiHrWj4Y3X5Ydtip9QMqiCMCPVwLglB9GBxXtTadJ3mA==",
      "dev": true,
      "license": "MIT",
      "dependencies": {
        "@babel/parser": "^7.28.5",
        "@vue/compiler-core": "3.5.26",
        "@vue/compiler-dom": "3.5.26",
        "@vue/compiler-ssr": "3.5.26",
        "@vue/shared": "3.5.26",
        "estree-walker": "^2.0.2",
        "magic-string": "^0.30.21",
        "postcss": "^8.5.6",
        "source-map-js": "^1.2.1"
      }
    },
    "node_modules/@vue/compiler-ssr": {
      "version": "3.5.26",
      "resolved": "https://registry.npmjs.org/@vue/compiler-ssr/-/compiler-ssr-3.5.26.tgz",
      "integrity": "sha512-lZT9/Y0nSIRUPVvapFJEVDbEXruZh2IYHMk2zTtEgJSlP5gVOqeWXH54xDKAaFS4rTnDeDBQUYDtxKyoW9FwDw==",
      "dev": true,
      "license": "MIT",
      "dependencies": {
        "@vue/compiler-dom": "3.5.26",
        "@vue/shared": "3.5.26"
      }
    },
    "node_modules/@vue/reactivity": {
      "version": "3.5.26",
      "resolved": "https://registry.npmjs.org/@vue/reactivity/-/reactivity-3.5.26.tgz",
      "integrity": "sha512-9EnYB1/DIiUYYnzlnUBgwU32NNvLp/nhxLXeWRhHUEeWNTn1ECxX8aGO7RTXeX6PPcxe3LLuNBFoJbV4QZ+CFQ==",
      "dev": true,
      "license": "MIT",
      "dependencies": {
        "@vue/shared": "3.5.26"
      }
    },
    "node_modules/@vue/runtime-core": {
      "version": "3.5.26",
      "resolved": "https://registry.npmjs.org/@vue/runtime-core/-/runtime-core-3.5.26.tgz",
      "integrity": "sha512-xJWM9KH1kd201w5DvMDOwDHYhrdPTrAatn56oB/LRG4plEQeZRQLw0Bpwih9KYoqmzaxF0OKSn6swzYi84e1/Q==",
      "dev": true,
      "license": "MIT",
      "dependencies": {
        "@vue/reactivity": "3.5.26",
        "@vue/shared": "3.5.26"
      }
    },
    "node_modules/@vue/runtime-dom": {
      "version": "3.5.26",
      "resolved": "https://registry.npmjs.org/@vue/runtime-dom/-/runtime-dom-3.5.26.tgz",
      "integrity": "sha512-XLLd/+4sPC2ZkN/6+V4O4gjJu6kSDbHAChvsyWgm1oGbdSO3efvGYnm25yCjtFm/K7rrSDvSfPDgN1pHgS4VNQ==",
      "dev": true,
      "license": "MIT",
      "dependencies": {
        "@vue/reactivity": "3.5.26",
        "@vue/runtime-core": "3.5.26",
        "@vue/shared": "3.5.26",
        "csstype": "^3.2.3"
      }
    },
    "node_modules/@vue/server-renderer": {
      "version": "3.5.26",
      "resolved": "https://registry.npmjs.org/@vue/server-renderer/-/server-renderer-3.5.26.tgz",
      "integrity": "sha512-TYKLXmrwWKSodyVuO1WAubucd+1XlLg4set0YoV+Hu8Lo79mp/YMwWV5mC5FgtsDxX3qo1ONrxFaTP1OQgy1uA==",
      "dev": true,
      "license": "MIT",
      "dependencies": {
        "@vue/compiler-ssr": "3.5.26",
        "@vue/shared": "3.5.26"
      },
      "peerDependencies": {
        "vue": "3.5.26"
      }
    },
    "node_modules/@vue/shared": {
      "version": "3.5.26",
      "resolved": "https://registry.npmjs.org/@vue/shared/-/shared-3.5.26.tgz",
      "integrity": "sha512-7Z6/y3uFI5PRoKeorTOSXKcDj0MSasfNNltcslbFrPpcw6aXRUALq4IfJlaTRspiWIUOEZbrpM+iQGmCOiWe4A==",
      "dev": true,
      "license": "MIT"
    },
    "node_modules/csstype": {
      "version": "3.2.3",
      "resolved": "https://registry.npmjs.org/csstype/-/csstype-3.2.3.tgz",
      "integrity": "sha512-z1HGKcYy2xA8AGQfwrn0PAy+PB7X/GSj3UVJW9qKyn43xWa+gl5nXmU4qqLMRzWVLFC8KusUX8T/0kCiOYpAIQ==",
      "dev": true,
      "license": "MIT"
    },
    "node_modules/entities": {
      "version": "7.0.0",
      "resolved": "https://registry.npmjs.org/entities/-/entities-7.0.0.tgz",
      "integrity": "sha512-FDWG5cmEYf2Z00IkYRhbFrwIwvdFKH07uV8dvNy0omp/Qb1xcyCWp2UDtcwJF4QZZvk0sLudP6/hAu42TaqVhQ==",
      "dev": true,
      "license": "BSD-2-Clause",
      "engines": {
        "node": ">=0.12"
      },
      "funding": {
        "url": "https://github.com/fb55/entities?sponsor=1"
      }
    },
    "node_modules/estree-walker": {
      "version": "2.0.2",
      "resolved": "https://registry.npmjs.org/estree-walker/-/estree-walker-2.0.2.tgz",
      "integrity": "sha512-Rfkk/Mp/DL7JVje3u18FxFujQlTNR2q6QfMSMB7AvCBx91NGj/ba3kCfza0f6dVDbw7YlRf/nDrn7pQrCCyQ/w==",
      "dev": true,
      "license": "MIT"
    },
    "node_modules/magic-string": {
      "version": "0.30.21",
      "resolved": "https://registry.npmjs.org/magic-string/-/magic-string-0.30.21.tgz",
      "integrity": "sha512-vd2F4YUyEXKGcLHoq+TEyCjxueSeHnFxyyjNp80yg0XV4vUhnDer/lvvlqM/arB5bXQN5K2/3oinyCRyx8T2CQ==",
      "dev": true,
      "license": "MIT",
      "dependencies": {
        "@jridgewell/sourcemap-codec": "^1.5.5"
      }
    },
    "node_modules/nanoid": {
      "version": "3.3.11",
      "resolved": "https://registry.npmjs.org/nanoid/-/nanoid-3.3.11.tgz",
      "integrity": "sha512-N8SpfPUnUp1bK+PMYW8qSWdl9U+wwNWI4QKxOYDy9JAro3WMX7p2OeVRF9v+347pnakNevPmiHhNmZ2HbFA76w==",
      "dev": true,
      "funding": [
        {
          "type": "github",
          "url": "https://github.com/sponsors/ai"
        }
      ],
      "license": "MIT",
      "bin": {
        "nanoid": "bin/nanoid.cjs"
      },
      "engines": {
        "node": "^10 || ^12 || ^13.7 || ^14 || >=15.0.1"
      }
    },
    "node_modules/picocolors": {
      "version": "1.1.1",
      "resolved": "https://registry.npmjs.org/picocolors/-/picocolors-1.1.1.tgz",
      "integrity": "sha512-xceH2snhtb5M9liqDsmEw56le376mTZkEX/jEb/RxNFyegNul7eNslCXP9FDj/Lcu0X8KEyMceP2ntpaHrDEVA==",
      "dev": true,
      "license": "ISC"
    },
    "node_modules/postcss": {
      "version": "8.5.6",
      "resolved": "https://registry.npmjs.org/postcss/-/postcss-8.5.6.tgz",
      "integrity": "sha512-3Ybi1tAuwAP9s0r1UQ2J4n5Y0G05bJkpUIO0/bI9MhwmD70S5aTWbXGBwxHrelT+XM1k6dM0pk+SwNkpTRN7Pg==",
      "dev": true,
      "funding": [
        {
          "type": "opencollective",
          "url": "https://opencollective.com/postcss/"
        },
        {
          "type": "tidelift",
          "url": "https://tidelift.com/funding/github/npm/postcss"
        },
        {
          "type": "github",
          "url": "https://github.com/sponsors/ai"
        }
      ],
      "license": "MIT",
      "dependencies": {
        "nanoid": "^3.3.11",
        "picocolors": "^1.1.1",
        "source-map-js": "^1.2.1"
      },
      "engines": {
        "node": "^10 || ^12 || >=14"
      }
    },
    "node_modules/source-map-js": {
      "version": "1.2.1",
      "resolved": "https://registry.npmjs.org/source-map-js/-/source-map-js-1.2.1.tgz",
      "integrity": "sha512-UXWMKhLOwVKb728IUtQPXxfYU+usdybtUrK/8uGE8CQMvrhOpwvzDBwj0QhSL7MQc7vIsISBG8VQ8+IDQxpfQA==",
      "dev": true,
      "license": "BSD-3-Clause",
      "engines": {
        "node": ">=0.10.0"
      }
    },
    "node_modules/vue": {
      "version": "3.5.26",
      "resolved": "https://registry.npmjs.org/vue/-/vue-3.5.26.tgz",
      "integrity": "sha512-SJ/NTccVyAoNUJmkM9KUqPcYlY+u8OVL1X5EW9RIs3ch5H2uERxyyIUI4MRxVCSOiEcupX9xNGde1tL9ZKpimA==",
      "dev": true,
      "license": "MIT",
      "peer": true,
      "dependencies": {
        "@vue/compiler-dom": "3.5.26",
        "@vue/compiler-sfc": "3.5.26",
        "@vue/runtime-dom": "3.5.26",
        "@vue/server-renderer": "3.5.26",
        "@vue/shared": "3.5.26"
      },
      "peerDependencies": {
        "typescript": "*"
      },
      "peerDependenciesMeta": {
        "typescript": {
          "optional": true
        }
      }
    }
  }
}
